
Microsoft Visual Studio Solution File, Format Version 12.00
# Visual Studio Version 17
VisualStudioVersion = 17.9.34511.98
MinimumVisualStudioVersion = 10.0.40219.1
Project("{FAE04EC0-301F-11D3-BF4B-00C04F79EFBC}") = "BlazorWasm.MyBlazor", "BlazorWasm.MyBlazor\BlazorWasm.MyBlazor.csproj", "{67F4BD69-1E90-4643-9B63-7366037E3551}"
EndProject
Global
	GlobalSection(SolutionConfigurationPlatforms) = preSolution
		Debug|Any CPU = Debug|Any CPU
		Release|Any CPU = Release|Any CPU
	EndGlobalSection
	GlobalSection(ProjectConfigurationPlatforms) = postSolution
		{67F4BD69-1E90-4643-9B63-7366037E3551}.Debug|Any CPU.ActiveCfg = Debug|Any CPU
		{67F4BD69-1E90-4643-9B63-7366037E3551}.Debug|Any CPU.Build.0 = Debug|Any CPU
		{67F4BD69-1E90-4643-9B63-7366037E3551}.Release|Any CPU.ActiveCfg = Release|Any CPU
		{67F4BD69-1E90-4643-9B63-7366037E3551}.Release|Any CPU.Build.0 = Release|Any CPU
	EndGlobalSection
	GlobalSection(SolutionProperties) = preSolution
		HideSolutionNode = FALSE
	EndGlobalSection
	GlobalSection(ExtensibilityGlobals) = postSolution
		SolutionGuid = {CC48AC36-7C02-4C8B-85D9-301004BE9230}
	EndGlobalSection
EndGlobal
